
Microsoft Visual Studio Solution File, Format Version 12.00
# Visual Studio Version 16
VisualStudioVersion = 16.0.31613.86
MinimumVisualStudioVersion = 10.0.40219.1
Project("{FAE04EC0-301F-11D3-BF4B-00C04F79EFBC}") = "Particules System", "Particules System\Particules System.csproj", "{14846B2F-6ECE-4204-B237-9A0AB2FC5818}"
EndProject
Global
	GlobalSection(SolutionConfigurationPlatforms) = preSolution
		Debug|Any CPU = Debug|Any CPU
		Release|Any CPU = Release|Any CPU
	EndGlobalSection
	GlobalSection(ProjectConfigurationPlatforms) = postSolution
		{14846B2F-6ECE-4204-B237-9A0AB2FC5818}.Debug|Any CPU.ActiveCfg = Debug|Any CPU
		{14846B2F-6ECE-4204-B237-9A0AB2FC5818}.Debug|Any CPU.Build.0 = Debug|Any CPU
		{14846B2F-6ECE-4204-B237-9A0AB2FC5818}.Release|Any CPU.ActiveCfg = Release|Any CPU
		{14846B2F-6ECE-4204-B237-9A0AB2FC5818}.Release|Any CPU.Build.0 = Release|Any CPU
	EndGlobalSection
	GlobalSection(SolutionProperties) = preSolution
		HideSolutionNode = FALSE
	EndGlobalSection
	GlobalSection(ExtensibilityGlobals) = postSolution
		SolutionGuid = {F72DAE92-0204-451D-9DDB-830099FBA383}
	EndGlobalSection
EndGlobal
